// !$*UTF8*$!
{
	archiveVersion = 1;
	classes = {
	};
	objectVersion = 56;
	objects = {

/* Begin PBXBuildFile section */
		7FAE655B2925CE290082CA03 /* CountDown.swift in Sources */ = {isa = PBXBuildFile; fileRef = 7FAE655A2925CE290082CA03 /* CountDown.swift */; };
		7FEC6E0A2924CF79008967B4 /* TimerAppApp.swift in Sources */ = {isa = PBXBuildFile; fileRef = 7FEC6E092924CF79008967B4 /* TimerAppApp.swift */; };
		7FEC6E0C2924CF79008967B4 /* TimerView.swift in Sources */ = {isa = PBXBuildFile; fileRef = 7FEC6E0B2924CF79008967B4 /* TimerView.swift */; };
		7FEC6E0E2924CF7A008967B4 /* Assets.xcassets in Resources */ = {isa = PBXBuildFile; fileRef = 7FEC6E0D2924CF7A008967B4 /* Assets.xcassets */; };
		7FEC6E112924CF7A008967B4 /* Preview Assets.xcassets in Resources */ = {isa = PBXBuildFile; fileRef = 7FEC6E102924CF7A008967B4 /* Preview Assets.xcassets */; };
		7FEC6E1B2924CF7A008967B4 /* TimerViewModelTests.swift in Sources */ = {isa = PBXBuildFile; fileRef = 7FEC6E1A2924CF7A008967B4 /* TimerViewModelTests.swift */; };
		7FEC6E252924CF7A008967B4 /* TimerAppUITests.swift in Sources */ = {isa = PBXBuildFile; fileRef = 7FEC6E242924CF7A008967B4 /* TimerAppUITests.swift */; };
		7FEC6E272924CF7A008967B4 /* TimerAppUITestsLaunchTests.swift in Sources */ = {isa = PBXBuildFile; fileRef = 7FEC6E262924CF7A008967B4 /* TimerAppUITestsLaunchTests.swift */; };
		7FEC6E342924D819008967B4 /* TimerViewModel.swift in Sources */ = {isa = PBXBuildFile; fileRef = 7FEC6E332924D819008967B4 /* TimerViewModel.swift */; };
		7FEC6E36292502F0008967B4 /* TimerProgressView.swift in Sources */ = {isa = PBXBuildFile; fileRef = 7FEC6E35292502F0008967B4 /* TimerProgressView.swift */; };
		7FEC6E3829251667008967B4 /* TimerData.swift in Sources */ = {isa = PBXBuildFile; fileRef = 7FEC6E3729251667008967B4 /* TimerData.swift */; };
/* End PBXBuildFile section */

/* Begin PBXContainerItemProxy section */
		7FEC6E172924CF7A008967B4 /* PBXContainerItemProxy */ = {
			isa = PBXContainerItemProxy;
			containerPortal = 7FEC6DFE2924CF78008967B4 /* Project object */;
			proxyType = 1;
			remoteGlobalIDString = 7FEC6E052924CF78008967B4;
			remoteInfo = TimerApp;
		};
		7FEC6E212924CF7A008967B4 /* PBXContainerItemProxy */ = {
			isa = PBXContainerItemProxy;
			containerPortal = 7FEC6DFE2924CF78008967B4 /* Project object */;
			proxyType = 1;
			remoteGlobalIDString = 7FEC6E052924CF78008967B4;
			remoteInfo = TimerApp;
		};
/* End PBXContainerItemProxy section */

/* Begin PBXFileReference section */
		7FAE655A2925CE290082CA03 /* CountDown.swift */ = {isa = PBXFileReference; lastKnownFileType = sourcecode.swift; path = CountDown.swift; sourceTree = "<group>"; };
		7FEC6E062924CF79008967B4 /* TimerApp.app */ = {isa = PBXFileReference; explicitFileType = wrapper.application; includeInIndex = 0; path = TimerApp.app; sourceTree = BUILT_PRODUCTS_DIR; };
		7FEC6E092924CF79008967B4 /* TimerAppApp.swift */ = {isa = PBXFileReference; lastKnownFileType = sourcecode.swift; path = TimerAppApp.swift; sourceTree = "<group>"; };
		7FEC6E0B2924CF79008967B4 /* TimerView.swift */ = {isa = PBXFileReference; lastKnownFileType = sourcecode.swift; path = TimerView.swift; sourceTree = "<group>"; };
		7FEC6E0D2924CF7A008967B4 /* Assets.xcassets */ = {isa = PBXFileReference; lastKnownFileType = folder.assetcatalog; path = Assets.xcassets; sourceTree = "<group>"; };
		7FEC6E102924CF7A008967B4 /* Preview Assets.xcassets */ = {isa = PBXFileReference; lastKnownFileType = folder.assetcatalog; path = "Preview Assets.xcassets"; sourceTree = "<group>"; };
		7FEC6E162924CF7A008967B4 /* TimerAppTests.xctest */ = {isa = PBXFileReference; explicitFileType = wrapper.cfbundle; includeInIndex = 0; path = TimerAppTests.xctest; sourceTree = BUILT_PRODUCTS_DIR; };
		7FEC6E1A2924CF7A008967B4 /* TimerViewModelTests.swift */ = {isa = PBXFileReference; lastKnownFileType = sourcecode.swift; path = TimerViewModelTests.swift; sourceTree = "<group>"; };
		7FEC6E202924CF7A008967B4 /* TimerAppUITests.xctest */ = {isa = PBXFileReference; explicitFileType = wrapper.cfbundle; includeInIndex = 0; path = TimerAppUITests.xctest; sourceTree = BUILT_PRODUCTS_DIR; };
		7FEC6E242924CF7A008967B4 /* TimerAppUITests.swift */ = {isa = PBXFileReference; lastKnownFileType = sourcecode.swift; path = TimerAppUITests.swift; sourceTree = "<group>"; };
		7FEC6E262924CF7A008967B4 /* TimerAppUITestsLaunchTests.swift */ = {isa = PBXFileReference; lastKnownFileType = sourcecode.swift; path = TimerAppUITestsLaunchTests.swift; sourceTree = "<group>"; };
		7FEC6E332924D819008967B4 /* TimerViewModel.swift */ = {isa = PBXFileReference; lastKnownFileType = sourcecode.swift; path = TimerViewModel.swift; sourceTree = "<group>"; };
		7FEC6E35292502F0008967B4 /* TimerProgressView.swift */ = {isa = PBXFileReference; lastKnownFileType = sourcecode.swift; path = TimerProgressView.swift; sourceTree = "<group>"; };
		7FEC6E3729251667008967B4 /* TimerData.swift */ = {isa = PBXFileReference; lastKnownFileType = sourcecode.swift; path = TimerData.swift; sourceTree = "<group>"; };
/* End PBXFileReference section */

/* Begin PBXFrameworksBuildPhase section */
		7FEC6E032924CF78008967B4 /* Frameworks */ = {
			isa = PBXFrameworksBuildPhase;
			buildActionMask = 2147483647;
			files = (
			);
			runOnlyForDeploymentPostprocessing = 0;
		};
		7FEC6E132924CF7A008967B4 /* Frameworks */ = {
			isa = PBXFrameworksBuildPhase;
			buildActionMask = 2147483647;
			files = (
			);
			runOnlyForDeploymentPostprocessing = 0;
		};
		7FEC6E1D2924CF7A008967B4 /* Frameworks */ = {
			isa = PBXFrameworksBuildPhase;
			buildActionMask = 2147483647;
			files = (
			);
			runOnlyForDeploymentPostprocessing = 0;
		};
/* End PBXFrameworksBuildPhase section */

/* Begin PBXGroup section */
		7FEC6DFD2924CF78008967B4 = {
			isa = PBXGroup;
			children = (
				7FEC6E082924CF79008967B4 /* TimerApp */,
				7FEC6E192924CF7A008967B4 /* TimerAppTests */,
				7FEC6E232924CF7A008967B4 /* TimerAppUITests */,
				7FEC6E072924CF79008967B4 /* Products */,
			);
			sourceTree = "<group>";
		};
		7FEC6E072924CF79008967B4 /* Products */ = {
			isa = PBXGroup;
			children = (
				7FEC6E062924CF79008967B4 /* TimerApp.app */,
				7FEC6E162924CF7A008967B4 /* TimerAppTests.xctest */,
				7FEC6E202924CF7A008967B4 /* TimerAppUITests.xctest */,
			);
			name = Products;
			sourceTree = "<group>";
		};
		7FEC6E082924CF79008967B4 /* TimerApp */ = {
			isa = PBXGroup;
			children = (
				7FEC6E092924CF79008967B4 /* TimerAppApp.swift */,
				7FEC6E0B2924CF79008967B4 /* TimerView.swift */,
				7FEC6E35292502F0008967B4 /* TimerProgressView.swift */,
				7FEC6E332924D819008967B4 /* TimerViewModel.swift */,
				7FEC6E3729251667008967B4 /* TimerData.swift */,
				7FAE655A2925CE290082CA03 /* CountDown.swift */,
				7FEC6E0D2924CF7A008967B4 /* Assets.xcassets */,
				7FEC6E0F2924CF7A008967B4 /* Preview Content */,
			);
			path = TimerApp;
			sourceTree = "<group>";
		};
		7FEC6E0F2924CF7A008967B4 /* Preview Content */ = {
			isa = PBXGroup;
			children = (
				7FEC6E102924CF7A008967B4 /* Preview Assets.xcassets */,
			);
			path = "Preview Content";
			sourceTree = "<group>";
		};
		7FEC6E192924CF7A008967B4 /* TimerAppTests */ = {
			isa = PBXGroup;
			children = (
				7FEC6E1A2924CF7A008967B4 /* TimerViewModelTests.swift */,
			);
			path = TimerAppTests;
			sourceTree = "<group>";
		};
		7FEC6E232924CF7A008967B4 /* TimerAppUITests */ = {
			isa = PBXGroup;
			children = (
				7FEC6E242924CF7A008967B4 /* TimerAppUITests.swift */,
				7FEC6E262924CF7A008967B4 /* TimerAppUITestsLaunchTests.swift */,
			);
			path = TimerAppUITests;
			sourceTree = "<group>";
		};
/* End PBXGroup section */

/* Begin PBXNativeTarget section */
		7FEC6E052924CF78008967B4 /* TimerApp */ = {
			isa = PBXNativeTarget;
			buildConfigurationList = 7FEC6E2A2924CF7A008967B4 /* Build configuration list for PBXNativeTarget "TimerApp" */;
			buildPhases = (
				7FEC6E022924CF78008967B4 /* Sources */,
				7FEC6E032924CF78008967B4 /* Frameworks */,
				7FEC6E042924CF78008967B4 /* Resources */,
			);
			buildRules = (
			);
			dependencies = (
			);
			name = TimerApp;
			productName = TimerApp;
			productReference = 7FEC6E062924CF79008967B4 /* TimerApp.app */;
			productType = "com.apple.product-type.application";
		};
		7FEC6E152924CF7A008967B4 /* TimerAppTests */ = {
			isa = PBXNativeTarget;
			buildConfigurationList = 7FEC6E2D2924CF7A008967B4 /* Build configuration list for PBXNativeTarget "TimerAppTests" */;
			buildPhases = (
				7FEC6E122924CF7A008967B4 /* Sources */,
				7FEC6E132924CF7A008967B4 /* Frameworks */,
				7FEC6E142924CF7A008967B4 /* Resources */,
			);
			buildRules = (
			);
			dependencies = (
				7FEC6E182924CF7A008967B4 /* PBXTargetDependency */,
			);
			name = TimerAppTests;
			productName = TimerAppTests;
			productReference = 7FEC6E162924CF7A008967B4 /* TimerAppTests.xctest */;
			productType = "com.apple.product-type.bundle.unit-test";
		};
		7FEC6E1F2924CF7A008967B4 /* TimerAppUITests */ = {
			isa = PBXNativeTarget;
			buildConfigurationList = 7FEC6E302924CF7A008967B4 /* Build configuration list for PBXNativeTarget "TimerAppUITests" */;
			buildPhases = (
				7FEC6E1C2924CF7A008967B4 /* Sources */,
				7FEC6E1D2924CF7A008967B4 /* Frameworks */,
				7FEC6E1E2924CF7A008967B4 /* Resources */,
			);
			buildRules = (
			);
			dependencies = (
				7FEC6E222924CF7A008967B4 /* PBXTargetDependency */,
			);
			name = TimerAppUITests;
			productName = TimerAppUITests;
			productReference = 7FEC6E202924CF7A008967B4 /* TimerAppUITests.xctest */;
			productType = "com.apple.product-type.bundle.ui-testing";
		};
/* End PBXNativeTarget section */

/* Begin PBXProject section */
		7FEC6DFE2924CF78008967B4 /* Project object */ = {
			isa = PBXProject;
			attributes = {
				BuildIndependentTargetsInParallel = 1;
				LastSwiftUpdateCheck = 1410;
				LastUpgradeCheck = 1410;
				TargetAttributes = {
					7FEC6E052924CF78008967B4 = {
						CreatedOnToolsVersion = 14.1;
					};
					7FEC6E152924CF7A008967B4 = {
						CreatedOnToolsVersion = 14.1;
						TestTargetID = 7FEC6E052924CF78008967B4;
					};
					7FEC6E1F2924CF7A008967B4 = {
						CreatedOnToolsVersion = 14.1;
						TestTargetID = 7FEC6E052924CF78008967B4;
					};
				};
			};
			buildConfigurationList = 7FEC6E012924CF78008967B4 /* Build configuration list for PBXProject "TimerApp" */;
			compatibilityVersion = "Xcode 14.0";
			developmentRegion = en;
			hasScannedForEncodings = 0;
			knownRegions = (
				en,
				Base,
			);
			mainGroup = 7FEC6DFD2924CF78008967B4;
			productRefGroup = 7FEC6E072924CF79008967B4 /* Products */;
			projectDirPath = "";
			projectRoot = "";
			targets = (
				7FEC6E052924CF78008967B4 /* TimerApp */,
				7FEC6E152924CF7A008967B4 /* TimerAppTests */,
				7FEC6E1F2924CF7A008967B4 /* TimerAppUITests */,
			);
		};
/* End PBXProject section */

/* Begin PBXResourcesBuildPhase section */
		7FEC6E042924CF78008967B4 /* Resources */ = {
			isa = PBXResourcesBuildPhase;
			buildActionMask = 2147483647;
			files = (
				7FEC6E112924CF7A008967B4 /* Preview Assets.xcassets in Resources */,
				7FEC6E0E2924CF7A008967B4 /* Assets.xcassets in Resources */,
			);
			runOnlyForDeploymentPostprocessing = 0;
		};
		7FEC6E142924CF7A008967B4 /* Resources */ = {
			isa = PBXResourcesBuildPhase;
			buildActionMask = 2147483647;
			files = (
			);
			runOnlyForDeploymentPostprocessing = 0;
		};
		7FEC6E1E2924CF7A008967B4 /* Resources */ = {
			isa = PBXResourcesBuildPhase;
			buildActionMask = 2147483647;
			files = (
			);
			runOnlyForDeploymentPostprocessing = 0;
		};
/* End PBXResourcesBuildPhase section */

/* Begin PBXSourcesBuildPhase section */
		7FEC6E022924CF78008967B4 /* Sources */ = {
			isa = PBXSourcesBuildPhase;
			buildActionMask = 2147483647;
			files = (
				7FEC6E0C2924CF79008967B4 /* TimerView.swift in Sources */,
				7FEC6E342924D819008967B4 /* TimerViewModel.swift in Sources */,
				7FEC6E0A2924CF79008967B4 /* TimerAppApp.swift in Sources */,
				7FEC6E3829251667008967B4 /* TimerData.swift in Sources */,
				7FEC6E36292502F0008967B4 /* TimerProgressView.swift in Sources */,
				7FAE655B2925CE290082CA03 /* CountDown.swift in Sources */,
			);
			runOnlyForDeploymentPostprocessing = 0;
		};
		7FEC6E122924CF7A008967B4 /* Sources */ = {
			isa = PBXSourcesBuildPhase;
			buildActionMask = 2147483647;
			files = (
				7FEC6E1B2924CF7A008967B4 /* TimerViewModelTests.swift in Sources */,
			);
			runOnlyForDeploymentPostprocessing = 0;
		};
		7FEC6E1C2924CF7A008967B4 /* Sources */ = {
			isa = PBXSourcesBuildPhase;
			buildActionMask = 2147483647;
			files = (
				7FEC6E272924CF7A008967B4 /* TimerAppUITestsLaunchTests.swift in Sources */,
				7FEC6E252924CF7A008967B4 /* TimerAppUITests.swift in Sources */,
			);
			runOnlyForDeploymentPostprocessing = 0;
		};
/* End PBXSourcesBuildPhase section */

/* Begin PBXTargetDependency section */
		7FEC6E182924CF7A008967B4 /* PBXTargetDependency */ = {
			isa = PBXTargetDependency;
			target = 7FEC6E052924CF78008967B4 /* TimerApp */;
			targetProxy = 7FEC6E172924CF7A008967B4 /* PBXContainerItemProxy */;
		};
		7FEC6E222924CF7A008967B4 /* PBXTargetDependency */ = {
			isa = PBXTargetDependency;
			target = 7FEC6E052924CF78008967B4 /* TimerApp */;
			targetProxy = 7FEC6E212924CF7A008967B4 /* PBXContainerItemProxy */;
		};
/* End PBXTargetDependency section */

/* Begin XCBuildConfiguration section */
		7FEC6E282924CF7A008967B4 /* Debug */ = {
			isa = XCBuildConfiguration;
			buildSettings = {
				ALWAYS_SEARCH_USER_PATHS = NO;
				CLANG_ANALYZER_NONNULL = YES;
				CLANG_ANALYZER_NUMBER_OBJECT_CONVERSION = YES_AGGRESSIVE;
				CLANG_CXX_LANGUAGE_STANDARD = "gnu++20";
				CLANG_ENABLE_MODULES = YES;
				CLANG_ENABLE_OBJC_ARC = YES;
				CLANG_ENABLE_OBJC_WEAK = YES;
				CLANG_WARN_BLOCK_CAPTURE_AUTORELEASING = YES;
				CLANG_WARN_BOOL_CONVERSION = YES;
				CLANG_WARN_COMMA = YES;
				CLANG_WARN_CONSTANT_CONVERSION = YES;
				CLANG_WARN_DEPRECATED_OBJC_IMPLEMENTATIONS = YES;
				CLANG_WARN_DIRECT_OBJC_ISA_USAGE = YES_ERROR;
				CLANG_WARN_DOCUMENTATION_COMMENTS = YES;
				CLANG_WARN_EMPTY_BODY = YES;
				CLANG_WARN_ENUM_CONVERSION = YES;
				CLANG_WARN_INFINITE_RECURSION = YES;
				CLANG_WARN_INT_CONVERSION = YES;
				CLANG_WARN_NON_LITERAL_NULL_CONVERSION = YES;
				CLANG_WARN_OBJC_IMPLICIT_RETAIN_SELF = YES;
				CLANG_WARN_OBJC_LITERAL_CONVERSION = YES;
				CLANG_WARN_OBJC_ROOT_CLASS = YES_ERROR;
				CLANG_WARN_QUOTED_INCLUDE_IN_FRAMEWORK_HEADER = YES;
				CLANG_WARN_RANGE_LOOP_ANALYSIS = YES;
				CLANG_WARN_STRICT_PROTOTYPES = YES;
				CLANG_WARN_SUSPICIOUS_MOVE = YES;
				CLANG_WARN_UNGUARDED_AVAILABILITY = YES_AGGRESSIVE;
				CLANG_WARN_UNREACHABLE_CODE = YES;
				CLANG_WARN__DUPLICATE_METHOD_MATCH = YES;
				COPY_PHASE_STRIP = NO;
				DEBUG_INFORMATION_FORMAT = dwarf;
				ENABLE_STRICT_OBJC_MSGSEND = YES;
				ENABLE_TESTABILITY = YES;
				GCC_C_LANGUAGE_STANDARD = gnu11;
				GCC_DYNAMIC_NO_PIC = NO;
				GCC_NO_COMMON_BLOCKS = YES;
				GCC_OPTIMIZATION_LEVEL = 0;
				GCC_PREPROCESSOR_DEFINITIONS = (
					"DEBUG=1",
					"$(inherited)",
				);
				GCC_WARN_64_TO_32_BIT_CONVERSION = YES;
				GCC_WARN_ABOUT_RETURN_TYPE = YES_ERROR;
				GCC_WARN_UNDECLARED_SELECTOR = YES;
				GCC_WARN_UNINITIALIZED_AUTOS = YES_AGGRESSIVE;
				GCC_WARN_UNUSED_FUNCTION = YES;
				GCC_WARN_UNUSED_VARIABLE = YES;
				IPHONEOS_DEPLOYMENT_TARGET = 16.1;
				MTL_ENABLE_DEBUG_INFO = INCLUDE_SOURCE;
				MTL_FAST_MATH = YES;
				ONLY_ACTIVE_ARCH = YES;
				SDKROOT = iphoneos;
				SWIFT_ACTIVE_COMPILATION_CONDITIONS = DEBUG;
				SWIFT_OPTIMIZATION_LEVEL = "-Onone";
			};
			name = Debug;
		};
		7FEC6E292924CF7A008967B4 /* Release */ = {
			isa = XCBuildConfiguration;
			buildSettings = {
				ALWAYS_SEARCH_USER_PATHS = NO;
				CLANG_ANALYZER_NONNULL = YES;
				CLANG_ANALYZER_NUMBER_OBJECT_CONVERSION = YES_AGGRESSIVE;
				CLANG_CXX_LANGUAGE_STANDARD = "gnu++20";
				CLANG_ENABLE_MODULES = YES;
				CLANG_ENABLE_OBJC_ARC = YES;
				CLANG_ENABLE_OBJC_WEAK = YES;
				CLANG_WARN_BLOCK_CAPTURE_AUTORELEASING = YES;
				CLANG_WARN_BOOL_CONVERSION = YES;
				CLANG_WARN_COMMA = YES;
				CLANG_WARN_CONSTANT_CONVERSION = YES;
				CLANG_WARN_DEPRECATED_OBJC_IMPLEMENTATIONS = YES;
				CLANG_WARN_DIRECT_OBJC_ISA_USAGE = YES_ERROR;
				CLANG_WARN_DOCUMENTATION_COMMENTS = YES;
				CLANG_WARN_EMPTY_BODY = YES;
				CLANG_WARN_ENUM_CONVERSION = YES;
				CLANG_WARN_INFINITE_RECURSION = YES;
				CLANG_WARN_INT_CONVERSION = YES;
				CLANG_WARN_NON_LITERAL_NULL_CONVERSION = YES;
				CLANG_WARN_OBJC_IMPLICIT_RETAIN_SELF = YES;
				CLANG_WARN_OBJC_LITERAL_CONVERSION = YES;
				CLANG_WARN_OBJC_ROOT_CLASS = YES_ERROR;
				CLANG_WARN_QUOTED_INCLUDE_IN_FRAMEWORK_HEADER = YES;
				CLANG_WARN_RANGE_LOOP_ANALYSIS = YES;
				CLANG_WARN_STRICT_PROTOTYPES = YES;
				CLANG_WARN_SUSPICIOUS_MOVE = YES;
				CLANG_WARN_UNGUARDED_AVAILABILITY = YES_AGGRESSIVE;
				CLANG_WARN_UNREACHABLE_CODE = YES;
				CLANG_WARN__DUPLICATE_METHOD_MATCH = YES;
				COPY_PHASE_STRIP = NO;
				DEBUG_INFORMATION_FORMAT = "dwarf-with-dsym";
				ENABLE_NS_ASSERTIONS = NO;
				ENABLE_STRICT_OBJC_MSGSEND = YES;
				GCC_C_LANGUAGE_STANDARD = gnu11;
				GCC_NO_COMMON_BLOCKS = YES;
				GCC_WARN_64_TO_32_BIT_CONVERSION = YES;
				GCC_WARN_ABOUT_RETURN_TYPE = YES_ERROR;
				GCC_WARN_UNDECLARED_SELECTOR = YES;
				GCC_WARN_UNINITIALIZED_AUTOS = YES_AGGRESSIVE;
				GCC_WARN_UNUSED_FUNCTION = YES;
				GCC_WARN_UNUSED_VARIABLE = YES;
				IPHONEOS_DEPLOYMENT_TARGET = 16.1;
				MTL_ENABLE_DEBUG_INFO = NO;
				MTL_FAST_MATH = YES;
				SDKROOT = iphoneos;
				SWIFT_COMPILATION_MODE = wholemodule;
				SWIFT_OPTIMIZATION_LEVEL = "-O";
				VALIDATE_PRODUCT = YES;
			};
			name = Release;
		};
		7FEC6E2B2924CF7A008967B4 /* Debug */ = {
			isa = XCBuildConfiguration;
			buildSettings = {
				ASSETCATALOG_COMPILER_APPICON_NAME = AppIcon;
				ASSETCATALOG_COMPILER_GLOBAL_ACCENT_COLOR_NAME = AccentColor;
				CODE_SIGN_STYLE = Automatic;
				CURRENT_PROJECT_VERSION = 1;
				DEVELOPMENT_ASSET_PATHS = "\"TimerApp/Preview Content\"";
				DEVELOPMENT_TEAM = 8T5PX4GCPD;
				ENABLE_PREVIEWS = YES;
				GENERATE_INFOPLIST_FILE = YES;
				INFOPLIST_KEY_UIApplicationSceneManifest_Generation = YES;
				INFOPLIST_KEY_UIApplicationSupportsIndirectInputEvents = YES;
				INFOPLIST_KEY_UILaunchScreen_Generation = YES;
				INFOPLIST_KEY_UISupportedInterfaceOrientations_iPad = "UIInterfaceOrientationPortrait UIInterfaceOrientationPortraitUpsideDown UIInterfaceOrientationLandscapeLeft UIInterfaceOrientationLandscapeRight";
				INFOPLIST_KEY_UISupportedInterfaceOrientations_iPhone = "UIInterfaceOrientationPortrait UIInterfaceOrientationLandscapeLeft UIInterfaceOrientationLandscapeRight";
				IPHONEOS_DEPLOYMENT_TARGET = 15.0;
				LD_RUNPATH_SEARCH_PATHS = (
					"$(inherited)",
					"@executable_path/Frameworks",
				);
				MARKETING_VERSION = 1.0;
				PRODUCT_BUNDLE_IDENTIFIER = com.d4ttatraya.TimerApp;
				PRODUCT_NAME = "$(TARGET_NAME)";
				SWIFT_EMIT_LOC_STRINGS = YES;
				SWIFT_VERSION = 5.0;
				TARGETED_DEVICE_FAMILY = "1,2";
			};
			name = Debug;
		};
		7FEC6E2C2924CF7A008967B4 /* Release */ = {
			isa = XCBuildConfiguration;
			buildSettings = {
				ASSETCATALOG_COMPILER_APPICON_NAME = AppIcon;
				ASSETCATALOG_COMPILER_GLOBAL_ACCENT_COLOR_NAME = AccentColor;
				CODE_SIGN_STYLE = Automatic;
				CURRENT_PROJECT_VERSION = 1;
				DEVELOPMENT_ASSET_PATHS = "\"TimerApp/Preview Content\"";
				DEVELOPMENT_TEAM = 8T5PX4GCPD;
				ENABLE_PREVIEWS = YES;
				GENERATE_INFOPLIST_FILE = YES;
				INFOPLIST_KEY_UIApplicationSceneManifest_Generation = YES;
				INFOPLIST_KEY_UIApplicationSupportsIndirectInputEvents = YES;
				INFOPLIST_KEY_UILaunchScreen_Generation = YES;
				INFOPLIST_KEY_UISupportedInterfaceOrientations_iPad = "UIInterfaceOrientationPortrait UIInterfaceOrientationPortraitUpsideDown UIInterfaceOrientationLandscapeLeft UIInterfaceOrientationLandscapeRight";
				INFOPLIST_KEY_UISupportedInterfaceOrientations_iPhone = "UIInterfaceOrientationPortrait UIInterfaceOrientationLandscapeLeft UIInterfaceOrientationLandscapeRight";
				IPHONEOS_DEPLOYMENT_TARGET = 15.0;
				LD_RUNPATH_SEARCH_PATHS = (
					"$(inherited)",
					"@executable_path/Frameworks",
				);
				MARKETING_VERSION = 1.0;
				PRODUCT_BUNDLE_IDENTIFIER = com.d4ttatraya.TimerApp;
				PRODUCT_NAME = "$(TARGET_NAME)";
				SWIFT_EMIT_LOC_STRINGS = YES;
				SWIFT_VERSION = 5.0;
				TARGETED_DEVICE_FAMILY = "1,2";
			};
			name = Release;
		};
		7FEC6E2E2924CF7A008967B4 /* Debug */ = {
			isa = XCBuildConfiguration;
			buildSettings = {
				ALWAYS_EMBED_SWIFT_STANDARD_LIBRARIES = YES;
				BUNDLE_LOADER = "$(TEST_HOST)";
				CODE_SIGN_STYLE = Automatic;
				CURRENT_PROJECT_VERSION = 1;
				DEVELOPMENT_TEAM = U232Q52WTW;
				GENERATE_INFOPLIST_FILE = YES;
				IPHONEOS_DEPLOYMENT_TARGET = 16.1;
				MARKETING_VERSION = 1.0;
				PRODUCT_BUNDLE_IDENTIFIER = com.d4ttatraya.TimerAppTests;
				PRODUCT_NAME = "$(TARGET_NAME)";
				SWIFT_EMIT_LOC_STRINGS = NO;
				SWIFT_VERSION = 5.0;
				TARGETED_DEVICE_FAMILY = "1,2";
				TEST_HOST = "$(BUILT_PRODUCTS_DIR)/TimerApp.app/$(BUNDLE_EXECUTABLE_FOLDER_PATH)/TimerApp";
			};
			name = Debug;
		};
		7FEC6E2F2924CF7A008967B4 /* Release */ = {
			isa = XCBuildConfiguration;
			buildSettings = {
				ALWAYS_EMBED_SWIFT_STANDARD_LIBRARIES = YES;
				BUNDLE_LOADER = "$(TEST_HOST)";
				CODE_SIGN_STYLE = Automatic;
				CURRENT_PROJECT_VERSION = 1;
				DEVELOPMENT_TEAM = U232Q52WTW;
				GENERATE_INFOPLIST_FILE = YES;
				IPHONEOS_DEPLOYMENT_TARGET = 16.1;
				MARKETING_VERSION = 1.0;
				PRODUCT_BUNDLE_IDENTIFIER = com.d4ttatraya.TimerAppTests;
				PRODUCT_NAME = "$(TARGET_NAME)";
				SWIFT_EMIT_LOC_STRINGS = NO;
				SWIFT_VERSION = 5.0;
				TARGETED_DEVICE_FAMILY = "1,2";
				TEST_HOST = "$(BUILT_PRODUCTS_DIR)/TimerApp.app/$(BUNDLE_EXECUTABLE_FOLDER_PATH)/TimerApp";
			};
			name = Release;
		};
		7FEC6E312924CF7A008967B4 /* Debug */ = {
			isa = XCBuildConfiguration;
			buildSettings = {
				ALWAYS_EMBED_SWIFT_STANDARD_LIBRARIES = YES;
				CODE_SIGN_STYLE = Automatic;
				CURRENT_PROJECT_VERSION = 1;
				DEVELOPMENT_TEAM = U232Q52WTW;
				GENERATE_INFOPLIST_FILE = YES;
				MARKETING_VERSION = 1.0;
				PRODUCT_BUNDLE_IDENTIFIER = com.d4ttatraya.TimerAppUITests;
				PRODUCT_NAME = "$(TARGET_NAME)";
				SWIFT_EMIT_LOC_STRINGS = NO;
				SWIFT_VERSION = 5.0;
				TARGETED_DEVICE_FAMILY = "1,2";
				TEST_TARGET_NAME = TimerApp;
			};
			name = Debug;
		};
		7FEC6E322924CF7A008967B4 /* Release */ = {
			isa = XCBuildConfiguration;
			buildSettings = {
				ALWAYS_EMBED_SWIFT_STANDARD_LIBRARIES = YES;
				CODE_SIGN_STYLE = Automatic;
				CURRENT_PROJECT_VERSION = 1;
				DEVELOPMENT_TEAM = U232Q52WTW;
				GENERATE_INFOPLIST_FILE = YES;
				MARKETING_VERSION = 1.0;
				PRODUCT_BUNDLE_IDENTIFIER = com.d4ttatraya.TimerAppUITests;
				PRODUCT_NAME = "$(TARGET_NAME)";
				SWIFT_EMIT_LOC_STRINGS = NO;
				SWIFT_VERSION = 5.0;
				TARGETED_DEVICE_FAMILY = "1,2";
				TEST_TARGET_NAME = TimerApp;
			};
			name = Release;
		};
/* End XCBuildConfiguration section */

/* Begin XCConfigurationList section */
		7FEC6E012924CF78008967B4 /* Build configuration list for PBXProject "TimerApp" */ = {
			isa = XCConfigurationList;
			buildConfigurations = (
				7FEC6E282924CF7A008967B4 /* Debug */,
				7FEC6E292924CF7A008967B4 /* Release */,
			);
			defaultConfigurationIsVisible = 0;
			defaultConfigurationName = Release;
		};
		7FEC6E2A2924CF7A008967B4 /* Build configuration list for PBXNativeTarget "TimerApp" */ = {
			isa = XCConfigurationList;
			buildConfigurations = (
				7FEC6E2B2924CF7A008967B4 /* Debug */,
				7FEC6E2C2924CF7A008967B4 /* Release */,
			);
			defaultConfigurationIsVisible = 0;
			defaultConfigurationName = Release;
		};
		7FEC6E2D2924CF7A008967B4 /* Build configuration list for PBXNativeTarget "TimerAppTests" */ = {
			isa = XCConfigurationList;
			buildConfigurations = (
				7FEC6E2E2924CF7A008967B4 /* Debug */,
				7FEC6E2F2924CF7A008967B4 /* Release */,
			);
			defaultConfigurationIsVisible = 0;
			defaultConfigurationName = Release;
		};
		7FEC6E302924CF7A008967B4 /* Build configuration list for PBXNativeTarget "TimerAppUITests" */ = {
			isa = XCConfigurationList;
			buildConfigurations = (
				7FEC6E312924CF7A008967B4 /* Debug */,
				7FEC6E322924CF7A008967B4 /* Release */,
			);
			defaultConfigurationIsVisible = 0;
			defaultConfigurationName = Release;
		};
/* End XCConfigurationList section */
	};
	rootObject = 7FEC6DFE2924CF78008967B4 /* Project object */;
}
